
Microsoft Visual Studio Solution File, Format Version 12.00
# Visual Studio Version 16
VisualStudioVersion = 16.0.30114.105
MinimumVisualStudioVersion = 10.0.40219.1
Project("{FAE04EC0-301F-11D3-BF4B-00C04F79EFBC}") = "PaymentContext.Domain", "PaymentContext.Domain\PaymentContext.Domain.csproj", "{708CA8B1-4C46-401C-9BB1-E72EAF2A09FD}"
EndProject
Project("{FAE04EC0-301F-11D3-BF4B-00C04F79EFBC}") = "PaymentContext.Shared", "PaymentContext.Shared\PaymentContext.Shared.csproj", "{1A055D5C-51BA-4736-BDB3-97B7AB267343}"
EndProject
Project("{FAE04EC0-301F-11D3-BF4B-00C04F79EFBC}") = "PaymentContext.Tests", "PaymentContext.Tests\PaymentContext.Tests.csproj", "{8904D79B-E817-4852-A0B0-E954019F848A}"
EndProject
Global
	GlobalSection(SolutionConfigurationPlatforms) = preSolution
		Debug|Any CPU = Debug|Any CPU
		Release|Any CPU = Release|Any CPU
	EndGlobalSection
	GlobalSection(SolutionProperties) = preSolution
		HideSolutionNode = FALSE
	EndGlobalSection
	GlobalSection(ProjectConfigurationPlatforms) = postSolution
		{708CA8B1-4C46-401C-9BB1-E72EAF2A09FD}.Debug|Any CPU.ActiveCfg = Debug|Any CPU
		{708CA8B1-4C46-401C-9BB1-E72EAF2A09FD}.Debug|Any CPU.Build.0 = Debug|Any CPU
		{708CA8B1-4C46-401C-9BB1-E72EAF2A09FD}.Release|Any CPU.ActiveCfg = Release|Any CPU
		{708CA8B1-4C46-401C-9BB1-E72EAF2A09FD}.Release|Any CPU.Build.0 = Release|Any CPU
		{1A055D5C-51BA-4736-BDB3-97B7AB267343}.Debug|Any CPU.ActiveCfg = Debug|Any CPU
		{1A055D5C-51BA-4736-BDB3-97B7AB267343}.Debug|Any CPU.Build.0 = Debug|Any CPU
		{1A055D5C-51BA-4736-BDB3-97B7AB267343}.Release|Any CPU.ActiveCfg = Release|Any CPU
		{1A055D5C-51BA-4736-BDB3-97B7AB267343}.Release|Any CPU.Build.0 = Release|Any CPU
		{8904D79B-E817-4852-A0B0-E954019F848A}.Debug|Any CPU.ActiveCfg = Debug|Any CPU
		{8904D79B-E817-4852-A0B0-E954019F848A}.Debug|Any CPU.Build.0 = Debug|Any CPU
		{8904D79B-E817-4852-A0B0-E954019F848A}.Release|Any CPU.ActiveCfg = Release|Any CPU
		{8904D79B-E817-4852-A0B0-E954019F848A}.Release|Any CPU.Build.0 = Release|Any CPU
	EndGlobalSection
EndGlobal
